
Microsoft Visual Studio Solution File, Format Version 12.00
# Visual Studio Version 16
VisualStudioVersion = 16.0.31729.503
MinimumVisualStudioVersion = 10.0.40219.1
Project("{2150E333-8FDC-42A3-9474-1A3956D46DE8}") = "CMakePredefinedTargets", "CMakePredefinedTargets", "{D9197B82-2E54-3110-BEAA-FA1B5FC037AE}"
EndProject
Project("{8BC9CEB8-8B4A-11D0-8D11-00A0C91BC942}") = "CSC8503", "CSC8503\CSC8503.vcxproj", "{A7A707B3-2BAC-3D30-BD70-E619592C845F}"
	ProjectSection(ProjectDependencies) = postProject
		{A973B781-C9DE-37BE-9BE0-EB5B6211BA2D} = {A973B781-C9DE-37BE-9BE0-EB5B6211BA2D}
		{E2226DAB-772E-345E-9E36-F1B0EB086D14} = {E2226DAB-772E-345E-9E36-F1B0EB086D14}
		{7D8CA84C-AF54-34CF-A3B4-78C24DFCA54A} = {7D8CA84C-AF54-34CF-A3B4-78C24DFCA54A}
		{8FD371CB-33BC-3E60-9025-53FD00BC6FA3} = {8FD371CB-33BC-3E60-9025-53FD00BC6FA3}
	EndProjectSection
EndProject
Project("{8BC9CEB8-8B4A-11D0-8D11-00A0C91BC942}") = "ALL_BUILD", "ALL_BUILD.vcxproj", "{7A91DF7D-F610-3079-8250-8DE9E56E4F9E}"
	ProjectSection(ProjectDependencies) = postProject
		{A7A707B3-2BAC-3D30-BD70-E619592C845F} = {A7A707B3-2BAC-3D30-BD70-E619592C845F}
		{A973B781-C9DE-37BE-9BE0-EB5B6211BA2D} = {A973B781-C9DE-37BE-9BE0-EB5B6211BA2D}
		{E2226DAB-772E-345E-9E36-F1B0EB086D14} = {E2226DAB-772E-345E-9E36-F1B0EB086D14}
		{7D8CA84C-AF54-34CF-A3B4-78C24DFCA54A} = {7D8CA84C-AF54-34CF-A3B4-78C24DFCA54A}
		{8FD371CB-33BC-3E60-9025-53FD00BC6FA3} = {8FD371CB-33BC-3E60-9025-53FD00BC6FA3}
	EndProjectSection
EndProject
Project("{8BC9CEB8-8B4A-11D0-8D11-00A0C91BC942}") = "CSC8503CoreClasses", "CSC8503CoreClasses\CSC8503CoreClasses.vcxproj", "{A973B781-C9DE-37BE-9BE0-EB5B6211BA2D}"
	ProjectSection(ProjectDependencies) = postProject
		{8FD371CB-33BC-3E60-9025-53FD00BC6FA3} = {8FD371CB-33BC-3E60-9025-53FD00BC6FA3}
	EndProjectSection
EndProject
Project("{8BC9CEB8-8B4A-11D0-8D11-00A0C91BC942}") = "NCLCoreClasses", "NCLCoreClasses\NCLCoreClasses.vcxproj", "{E2226DAB-772E-345E-9E36-F1B0EB086D14}"
	ProjectSection(ProjectDependencies) = postProject
		{8FD371CB-33BC-3E60-9025-53FD00BC6FA3} = {8FD371CB-33BC-3E60-9025-53FD00BC6FA3}
	EndProjectSection
EndProject
Project("{8BC9CEB8-8B4A-11D0-8D11-00A0C91BC942}") = "OpenGLRendering", "OpenGLRendering\OpenGLRendering.vcxproj", "{7D8CA84C-AF54-34CF-A3B4-78C24DFCA54A}"
	ProjectSection(ProjectDependencies) = postProject
		{E2226DAB-772E-345E-9E36-F1B0EB086D14} = {E2226DAB-772E-345E-9E36-F1B0EB086D14}
		{8FD371CB-33BC-3E60-9025-53FD00BC6FA3} = {8FD371CB-33BC-3E60-9025-53FD00BC6FA3}
	EndProjectSection
EndProject
Project("{8BC9CEB8-8B4A-11D0-8D11-00A0C91BC942}") = "ZERO_CHECK", "ZERO_CHECK.vcxproj", "{8FD371CB-33BC-3E60-9025-53FD00BC6FA3}"
EndProject
Global
	GlobalSection(SolutionConfigurationPlatforms) = preSolution
		Debug|x64 = Debug|x64
		Release|x64 = Release|x64
	EndGlobalSection
	GlobalSection(ProjectConfigurationPlatforms) = postSolution
		{A7A707B3-2BAC-3D30-BD70-E619592C845F}.Debug|x64.ActiveCfg = Debug|x64
		{A7A707B3-2BAC-3D30-BD70-E619592C845F}.Debug|x64.Build.0 = Debug|x64
		{A7A707B3-2BAC-3D30-BD70-E619592C845F}.Release|x64.ActiveCfg = Release|x64
		{A7A707B3-2BAC-3D30-BD70-E619592C845F}.Release|x64.Build.0 = Release|x64
		{7A91DF7D-F610-3079-8250-8DE9E56E4F9E}.Debug|x64.ActiveCfg = Debug|x64
		{7A91DF7D-F610-3079-8250-8DE9E56E4F9E}.Release|x64.ActiveCfg = Release|x64
		{A973B781-C9DE-37BE-9BE0-EB5B6211BA2D}.Debug|x64.ActiveCfg = Debug|x64
		{A973B781-C9DE-37BE-9BE0-EB5B6211BA2D}.Debug|x64.Build.0 = Debug|x64
		{A973B781-C9DE-37BE-9BE0-EB5B6211BA2D}.Release|x64.ActiveCfg = Release|x64
		{A973B781-C9DE-37BE-9BE0-EB5B6211BA2D}.Release|x64.Build.0 = Release|x64
		{E2226DAB-772E-345E-9E36-F1B0EB086D14}.Debug|x64.ActiveCfg = Debug|x64
		{E2226DAB-772E-345E-9E36-F1B0EB086D14}.Debug|x64.Build.0 = Debug|x64
		{E2226DAB-772E-345E-9E36-F1B0EB086D14}.Release|x64.ActiveCfg = Release|x64
		{E2226DAB-772E-345E-9E36-F1B0EB086D14}.Release|x64.Build.0 = Release|x64
		{7D8CA84C-AF54-34CF-A3B4-78C24DFCA54A}.Debug|x64.ActiveCfg = Debug|x64
		{7D8CA84C-AF54-34CF-A3B4-78C24DFCA54A}.Debug|x64.Build.0 = Debug|x64
		{7D8CA84C-AF54-34CF-A3B4-78C24DFCA54A}.Release|x64.ActiveCfg = Release|x64
		{7D8CA84C-AF54-34CF-A3B4-78C24DFCA54A}.Release|x64.Build.0 = Release|x64
		{8FD371CB-33BC-3E60-9025-53FD00BC6FA3}.Debug|x64.ActiveCfg = Debug|x64
		{8FD371CB-33BC-3E60-9025-53FD00BC6FA3}.Debug|x64.Build.0 = Debug|x64
		{8FD371CB-33BC-3E60-9025-53FD00BC6FA3}.Release|x64.ActiveCfg = Release|x64
		{8FD371CB-33BC-3E60-9025-53FD00BC6FA3}.Release|x64.Build.0 = Release|x64
	EndGlobalSection
	GlobalSection(SolutionProperties) = preSolution
		HideSolutionNode = FALSE
	EndGlobalSection
	GlobalSection(NestedProjects) = preSolution
		{7A91DF7D-F610-3079-8250-8DE9E56E4F9E} = {D9197B82-2E54-3110-BEAA-FA1B5FC037AE}
		{8FD371CB-33BC-3E60-9025-53FD00BC6FA3} = {D9197B82-2E54-3110-BEAA-FA1B5FC037AE}
	EndGlobalSection
	GlobalSection(ExtensibilityGlobals) = postSolution
		SolutionGuid = {057AFF24-8D61-36F1-AF96-63495004C07B}
	EndGlobalSection
EndGlobal
